
Microsoft Visual Studio Solution File, Format Version 11.00
# Visual Studio 2010
Project("{FAE04EC0-301F-11D3-BF4B-00C04F79EFBC}") = "SpTrans", "SpTrans\SpTrans.csproj", "{11857B13-F7C9-45B6-96BD-7AD741A6DEFB}"
EndProject
Global
	GlobalSection(SolutionConfigurationPlatforms) = preSolution
		Debug|Any CPU = Debug|Any CPU
		Release|Any CPU = Release|Any CPU
	EndGlobalSection
	GlobalSection(ProjectConfigurationPlatforms) = postSolution
		{11857B13-F7C9-45B6-96BD-7AD741A6DEFB}.Debug|Any CPU.ActiveCfg = Debug|Any CPU
		{11857B13-F7C9-45B6-96BD-7AD741A6DEFB}.Debug|Any CPU.Build.0 = Debug|Any CPU
		{11857B13-F7C9-45B6-96BD-7AD741A6DEFB}.Release|Any CPU.ActiveCfg = Release|Any CPU
		{11857B13-F7C9-45B6-96BD-7AD741A6DEFB}.Release|Any CPU.Build.0 = Release|Any CPU
	EndGlobalSection
	GlobalSection(SolutionProperties) = preSolution
		HideSolutionNode = FALSE
	EndGlobalSection
EndGlobal
